
Microsoft Visual Studio Solution File, Format Version 12.00
Project("{FAE04EC0-301F-11D3-BF4B-00C04F79EFBC}") = "BreadFramework", "BreadFramework\BreadFramework.csproj", "{450DAB51-301C-4ADE-B23B-DF37FD7216B9}"
EndProject
Project("{FAE04EC0-301F-11D3-BF4B-00C04F79EFBC}") = "BreadRuntime", "BreadRuntime\BreadRuntime.csproj", "{C86173FB-2A52-4E29-AA46-FFD707D24923}"
EndProject
Project("{FAE04EC0-301F-11D3-BF4B-00C04F79EFBC}") = "CodeGenerators", "CodeGenerators\CodeGenerators.csproj", "{B6A58177-FBD3-44DF-862E-3D09E79351DF}"
EndProject
Project("{FAE04EC0-301F-11D3-BF4B-00C04F79EFBC}") = "BreadHeartsLauncher", "BreadHeartsLauncher\BreadHeartsLauncher.csproj", "{7623417A-838F-4027-88E0-9460397C80B0}"
EndProject
Project("{2150E333-8FDC-42A3-9474-1A3956D46DE8}") = "Plugins", "Plugins", "{E5C1BE8A-6A8E-409C-819D-CFF3341D9983}"
EndProject
Project("{FAE04EC0-301F-11D3-BF4B-00C04F79EFBC}") = "ConsistentFinisher", "Plugins\ConsistentFinisher\ConsistentFinisher.csproj", "{D627885B-C764-434D-B2C9-3E57C9B3A955}"
EndProject
Project("{FAE04EC0-301F-11D3-BF4B-00C04F79EFBC}") = "PluginBase", "PluginBase\PluginBase.csproj", "{EA7C1B8F-7C12-479F-AA81-A12B0D2F0B6A}"
EndProject
Project("{FAE04EC0-301F-11D3-BF4B-00C04F79EFBC}") = "EngineApi", "EngineApi\EngineApi.csproj", "{FF1EDAF3-AE4A-4098-B5F9-985ABA3BCA45}"
EndProject
Project("{FAE04EC0-301F-11D3-BF4B-00C04F79EFBC}") = "DiscordRichPresence", "Plugins\DiscordRichPresence\DiscordRichPresence.csproj", "{987D9CB9-A8BA-4C02-87E1-0EE7D9940488}"
EndProject
Project("{FAE04EC0-301F-11D3-BF4B-00C04F79EFBC}") = "FastCamera", "Plugins\FastCamera\FastCamera.csproj", "{900386A8-4767-4D9C-B76B-50348F767BA8}"
EndProject
Project("{FAE04EC0-301F-11D3-BF4B-00C04F79EFBC}") = "FasterAnimations", "Plugins\FasterAnimations\FasterAnimations.csproj", "{B2EDA0E3-6AE1-4BCC-941B-E4B27FB01019}"
EndProject
Project("{FAE04EC0-301F-11D3-BF4B-00C04F79EFBC}") = "FasterDialog", "Plugins\FasterDialog\FasterDialog.csproj", "{C064EB64-DC0F-42A4-A0D9-2DA2DF2BADF6}"
EndProject
Project("{FAE04EC0-301F-11D3-BF4B-00C04F79EFBC}") = "InstantGummiWarp", "Plugins\InstantGummiWarp\InstantGummiWarp.csproj", "{DFB99D45-7E97-43B9-8DD5-3582FF18B5AA}"
EndProject
Project("{FAE04EC0-301F-11D3-BF4B-00C04F79EFBC}") = "OpenInCombat", "Plugins\OpenInCombat\OpenInCombat.csproj", "{35812C10-99A9-4243-8A10-3B6CA0B9EB6B}"
EndProject
Project("{FAE04EC0-301F-11D3-BF4B-00C04F79EFBC}") = "OpenKhPatch", "Plugins\OpenKhPatch\OpenKhPatch.csproj", "{CBAA62AD-15ED-436F-8386-107C17C4E276}"
EndProject
Project("{FAE04EC0-301F-11D3-BF4B-00C04F79EFBC}") = "QuickOverworldWarp", "Plugins\QuickOverworldWarp\QuickOverworldWarp.csproj", "{AFAFAB1C-DF5E-4F9A-B620-AA1B7975A1E2}"
EndProject
Project("{FAE04EC0-301F-11D3-BF4B-00C04F79EFBC}") = "Randomizer", "Plugins\Randomizer\Randomizer.csproj", "{B2BC47C2-1A1E-4442-A092-A8F9A4CF90AE}"
EndProject
Project("{FAE04EC0-301F-11D3-BF4B-00C04F79EFBC}") = "SaveAnywhere", "Plugins\SaveAnywhere\SaveAnywhere.csproj", "{D6E5A36A-19C9-42AC-AEBE-AD1BBE4995CD}"
EndProject
Project("{FAE04EC0-301F-11D3-BF4B-00C04F79EFBC}") = "UnskippableCutscenes", "Plugins\UnskippableCutscenes\UnskippableCutscenes.csproj", "{82CB8149-7778-470D-9E20-23D2F48C1C56}"
EndProject
Global
	GlobalSection(SolutionConfigurationPlatforms) = preSolution
		Debug|Any CPU = Debug|Any CPU
		Release|Any CPU = Release|Any CPU
	EndGlobalSection
	GlobalSection(ProjectConfigurationPlatforms) = postSolution
		{450DAB51-301C-4ADE-B23B-DF37FD7216B9}.Debug|Any CPU.ActiveCfg = Debug|Any CPU
		{450DAB51-301C-4ADE-B23B-DF37FD7216B9}.Debug|Any CPU.Build.0 = Debug|Any CPU
		{450DAB51-301C-4ADE-B23B-DF37FD7216B9}.Release|Any CPU.ActiveCfg = Release|Any CPU
		{450DAB51-301C-4ADE-B23B-DF37FD7216B9}.Release|Any CPU.Build.0 = Release|Any CPU
		{C86173FB-2A52-4E29-AA46-FFD707D24923}.Debug|Any CPU.ActiveCfg = Debug|Any CPU
		{C86173FB-2A52-4E29-AA46-FFD707D24923}.Debug|Any CPU.Build.0 = Debug|Any CPU
		{C86173FB-2A52-4E29-AA46-FFD707D24923}.Release|Any CPU.ActiveCfg = Release|Any CPU
		{C86173FB-2A52-4E29-AA46-FFD707D24923}.Release|Any CPU.Build.0 = Release|Any CPU
		{B6A58177-FBD3-44DF-862E-3D09E79351DF}.Debug|Any CPU.ActiveCfg = Debug|Any CPU
		{B6A58177-FBD3-44DF-862E-3D09E79351DF}.Debug|Any CPU.Build.0 = Debug|Any CPU
		{B6A58177-FBD3-44DF-862E-3D09E79351DF}.Release|Any CPU.ActiveCfg = Release|Any CPU
		{B6A58177-FBD3-44DF-862E-3D09E79351DF}.Release|Any CPU.Build.0 = Release|Any CPU
		{7623417A-838F-4027-88E0-9460397C80B0}.Debug|Any CPU.ActiveCfg = Debug|Any CPU
		{7623417A-838F-4027-88E0-9460397C80B0}.Debug|Any CPU.Build.0 = Debug|Any CPU
		{7623417A-838F-4027-88E0-9460397C80B0}.Release|Any CPU.ActiveCfg = Release|Any CPU
		{7623417A-838F-4027-88E0-9460397C80B0}.Release|Any CPU.Build.0 = Release|Any CPU
		{D627885B-C764-434D-B2C9-3E57C9B3A955}.Debug|Any CPU.ActiveCfg = Debug|Any CPU
		{D627885B-C764-434D-B2C9-3E57C9B3A955}.Debug|Any CPU.Build.0 = Debug|Any CPU
		{D627885B-C764-434D-B2C9-3E57C9B3A955}.Release|Any CPU.ActiveCfg = Release|Any CPU
		{D627885B-C764-434D-B2C9-3E57C9B3A955}.Release|Any CPU.Build.0 = Release|Any CPU
		{EA7C1B8F-7C12-479F-AA81-A12B0D2F0B6A}.Debug|Any CPU.ActiveCfg = Debug|Any CPU
		{EA7C1B8F-7C12-479F-AA81-A12B0D2F0B6A}.Debug|Any CPU.Build.0 = Debug|Any CPU
		{EA7C1B8F-7C12-479F-AA81-A12B0D2F0B6A}.Release|Any CPU.ActiveCfg = Release|Any CPU
		{EA7C1B8F-7C12-479F-AA81-A12B0D2F0B6A}.Release|Any CPU.Build.0 = Release|Any CPU
		{FF1EDAF3-AE4A-4098-B5F9-985ABA3BCA45}.Debug|Any CPU.ActiveCfg = Debug|Any CPU
		{FF1EDAF3-AE4A-4098-B5F9-985ABA3BCA45}.Debug|Any CPU.Build.0 = Debug|Any CPU
		{FF1EDAF3-AE4A-4098-B5F9-985ABA3BCA45}.Release|Any CPU.ActiveCfg = Release|Any CPU
		{FF1EDAF3-AE4A-4098-B5F9-985ABA3BCA45}.Release|Any CPU.Build.0 = Release|Any CPU
		{987D9CB9-A8BA-4C02-87E1-0EE7D9940488}.Debug|Any CPU.ActiveCfg = Debug|Any CPU
		{987D9CB9-A8BA-4C02-87E1-0EE7D9940488}.Debug|Any CPU.Build.0 = Debug|Any CPU
		{987D9CB9-A8BA-4C02-87E1-0EE7D9940488}.Release|Any CPU.ActiveCfg = Release|Any CPU
		{987D9CB9-A8BA-4C02-87E1-0EE7D9940488}.Release|Any CPU.Build.0 = Release|Any CPU
		{900386A8-4767-4D9C-B76B-50348F767BA8}.Debug|Any CPU.ActiveCfg = Debug|Any CPU
		{900386A8-4767-4D9C-B76B-50348F767BA8}.Debug|Any CPU.Build.0 = Debug|Any CPU
		{900386A8-4767-4D9C-B76B-50348F767BA8}.Release|Any CPU.ActiveCfg = Release|Any CPU
		{900386A8-4767-4D9C-B76B-50348F767BA8}.Release|Any CPU.Build.0 = Release|Any CPU
		{B2EDA0E3-6AE1-4BCC-941B-E4B27FB01019}.Debug|Any CPU.ActiveCfg = Debug|Any CPU
		{B2EDA0E3-6AE1-4BCC-941B-E4B27FB01019}.Debug|Any CPU.Build.0 = Debug|Any CPU
		{B2EDA0E3-6AE1-4BCC-941B-E4B27FB01019}.Release|Any CPU.ActiveCfg = Release|Any CPU
		{B2EDA0E3-6AE1-4BCC-941B-E4B27FB01019}.Release|Any CPU.Build.0 = Release|Any CPU
		{C064EB64-DC0F-42A4-A0D9-2DA2DF2BADF6}.Debug|Any CPU.ActiveCfg = Debug|Any CPU
		{C064EB64-DC0F-42A4-A0D9-2DA2DF2BADF6}.Debug|Any CPU.Build.0 = Debug|Any CPU
		{C064EB64-DC0F-42A4-A0D9-2DA2DF2BADF6}.Release|Any CPU.ActiveCfg = Release|Any CPU
		{C064EB64-DC0F-42A4-A0D9-2DA2DF2BADF6}.Release|Any CPU.Build.0 = Release|Any CPU
		{DFB99D45-7E97-43B9-8DD5-3582FF18B5AA}.Debug|Any CPU.ActiveCfg = Debug|Any CPU
		{DFB99D45-7E97-43B9-8DD5-3582FF18B5AA}.Debug|Any CPU.Build.0 = Debug|Any CPU
		{DFB99D45-7E97-43B9-8DD5-3582FF18B5AA}.Release|Any CPU.ActiveCfg = Release|Any CPU
		{DFB99D45-7E97-43B9-8DD5-3582FF18B5AA}.Release|Any CPU.Build.0 = Release|Any CPU
		{35812C10-99A9-4243-8A10-3B6CA0B9EB6B}.Debug|Any CPU.ActiveCfg = Debug|Any CPU
		{35812C10-99A9-4243-8A10-3B6CA0B9EB6B}.Debug|Any CPU.Build.0 = Debug|Any CPU
		{35812C10-99A9-4243-8A10-3B6CA0B9EB6B}.Release|Any CPU.ActiveCfg = Release|Any CPU
		{35812C10-99A9-4243-8A10-3B6CA0B9EB6B}.Release|Any CPU.Build.0 = Release|Any CPU
		{CBAA62AD-15ED-436F-8386-107C17C4E276}.Debug|Any CPU.ActiveCfg = Debug|Any CPU
		{CBAA62AD-15ED-436F-8386-107C17C4E276}.Debug|Any CPU.Build.0 = Debug|Any CPU
		{CBAA62AD-15ED-436F-8386-107C17C4E276}.Release|Any CPU.ActiveCfg = Release|Any CPU
		{CBAA62AD-15ED-436F-8386-107C17C4E276}.Release|Any CPU.Build.0 = Release|Any CPU
		{AFAFAB1C-DF5E-4F9A-B620-AA1B7975A1E2}.Debug|Any CPU.ActiveCfg = Debug|Any CPU
		{AFAFAB1C-DF5E-4F9A-B620-AA1B7975A1E2}.Debug|Any CPU.Build.0 = Debug|Any CPU
		{AFAFAB1C-DF5E-4F9A-B620-AA1B7975A1E2}.Release|Any CPU.ActiveCfg = Release|Any CPU
		{AFAFAB1C-DF5E-4F9A-B620-AA1B7975A1E2}.Release|Any CPU.Build.0 = Release|Any CPU
		{B2BC47C2-1A1E-4442-A092-A8F9A4CF90AE}.Debug|Any CPU.ActiveCfg = Debug|Any CPU
		{B2BC47C2-1A1E-4442-A092-A8F9A4CF90AE}.Debug|Any CPU.Build.0 = Debug|Any CPU
		{B2BC47C2-1A1E-4442-A092-A8F9A4CF90AE}.Release|Any CPU.ActiveCfg = Release|Any CPU
		{B2BC47C2-1A1E-4442-A092-A8F9A4CF90AE}.Release|Any CPU.Build.0 = Release|Any CPU
		{D6E5A36A-19C9-42AC-AEBE-AD1BBE4995CD}.Debug|Any CPU.ActiveCfg = Debug|Any CPU
		{D6E5A36A-19C9-42AC-AEBE-AD1BBE4995CD}.Debug|Any CPU.Build.0 = Debug|Any CPU
		{D6E5A36A-19C9-42AC-AEBE-AD1BBE4995CD}.Release|Any CPU.ActiveCfg = Release|Any CPU
		{D6E5A36A-19C9-42AC-AEBE-AD1BBE4995CD}.Release|Any CPU.Build.0 = Release|Any CPU
		{82CB8149-7778-470D-9E20-23D2F48C1C56}.Debug|Any CPU.ActiveCfg = Debug|Any CPU
		{82CB8149-7778-470D-9E20-23D2F48C1C56}.Debug|Any CPU.Build.0 = Debug|Any CPU
		{82CB8149-7778-470D-9E20-23D2F48C1C56}.Release|Any CPU.ActiveCfg = Release|Any CPU
		{82CB8149-7778-470D-9E20-23D2F48C1C56}.Release|Any CPU.Build.0 = Release|Any CPU
	EndGlobalSection
	GlobalSection(NestedProjects) = preSolution
		{D627885B-C764-434D-B2C9-3E57C9B3A955} = {E5C1BE8A-6A8E-409C-819D-CFF3341D9983}
		{987D9CB9-A8BA-4C02-87E1-0EE7D9940488} = {E5C1BE8A-6A8E-409C-819D-CFF3341D9983}
		{900386A8-4767-4D9C-B76B-50348F767BA8} = {E5C1BE8A-6A8E-409C-819D-CFF3341D9983}
		{B2EDA0E3-6AE1-4BCC-941B-E4B27FB01019} = {E5C1BE8A-6A8E-409C-819D-CFF3341D9983}
		{C064EB64-DC0F-42A4-A0D9-2DA2DF2BADF6} = {E5C1BE8A-6A8E-409C-819D-CFF3341D9983}
		{DFB99D45-7E97-43B9-8DD5-3582FF18B5AA} = {E5C1BE8A-6A8E-409C-819D-CFF3341D9983}
		{35812C10-99A9-4243-8A10-3B6CA0B9EB6B} = {E5C1BE8A-6A8E-409C-819D-CFF3341D9983}
		{CBAA62AD-15ED-436F-8386-107C17C4E276} = {E5C1BE8A-6A8E-409C-819D-CFF3341D9983}
		{AFAFAB1C-DF5E-4F9A-B620-AA1B7975A1E2} = {E5C1BE8A-6A8E-409C-819D-CFF3341D9983}
		{B2BC47C2-1A1E-4442-A092-A8F9A4CF90AE} = {E5C1BE8A-6A8E-409C-819D-CFF3341D9983}
		{D6E5A36A-19C9-42AC-AEBE-AD1BBE4995CD} = {E5C1BE8A-6A8E-409C-819D-CFF3341D9983}
		{82CB8149-7778-470D-9E20-23D2F48C1C56} = {E5C1BE8A-6A8E-409C-819D-CFF3341D9983}
	EndGlobalSection
EndGlobal
