
Microsoft Visual Studio Solution File, Format Version 12.00
Project("{FAE04EC0-301F-11D3-BF4B-00C04F79EFBC}") = "BreadFramework", "BreadFramework\BreadFramework.csproj", "{450DAB51-301C-4ADE-B23B-DF37FD7216B9}"
EndProject
Project("{FAE04EC0-301F-11D3-BF4B-00C04F79EFBC}") = "BreadRuntime", "BreadRuntime\BreadRuntime.csproj", "{C86173FB-2A52-4E29-AA46-FFD707D24923}"
EndProject
Project("{FAE04EC0-301F-11D3-BF4B-00C04F79EFBC}") = "EngineTest", "EngineTest\EngineTest.csproj", "{21B927A6-96CB-4E8C-BE10-298D2D272825}"
EndProject
Project("{FAE04EC0-301F-11D3-BF4B-00C04F79EFBC}") = "CodeGenerators", "CodeGenerators\CodeGenerators.csproj", "{B6A58177-FBD3-44DF-862E-3D09E79351DF}"
EndProject
Project("{FAE04EC0-301F-11D3-BF4B-00C04F79EFBC}") = "BreadHeartsLauncher", "BreadHeartsLauncher\BreadHeartsLauncher.csproj", "{7623417A-838F-4027-88E0-9460397C80B0}"
EndProject
Global
	GlobalSection(SolutionConfigurationPlatforms) = preSolution
		Debug|Any CPU = Debug|Any CPU
		Release|Any CPU = Release|Any CPU
	EndGlobalSection
	GlobalSection(ProjectConfigurationPlatforms) = postSolution
		{450DAB51-301C-4ADE-B23B-DF37FD7216B9}.Debug|Any CPU.ActiveCfg = Debug|Any CPU
		{450DAB51-301C-4ADE-B23B-DF37FD7216B9}.Debug|Any CPU.Build.0 = Debug|Any CPU
		{450DAB51-301C-4ADE-B23B-DF37FD7216B9}.Release|Any CPU.ActiveCfg = Release|Any CPU
		{450DAB51-301C-4ADE-B23B-DF37FD7216B9}.Release|Any CPU.Build.0 = Release|Any CPU
		{C86173FB-2A52-4E29-AA46-FFD707D24923}.Debug|Any CPU.ActiveCfg = Debug|Any CPU
		{C86173FB-2A52-4E29-AA46-FFD707D24923}.Debug|Any CPU.Build.0 = Debug|Any CPU
		{C86173FB-2A52-4E29-AA46-FFD707D24923}.Release|Any CPU.ActiveCfg = Release|Any CPU
		{C86173FB-2A52-4E29-AA46-FFD707D24923}.Release|Any CPU.Build.0 = Release|Any CPU
		{21B927A6-96CB-4E8C-BE10-298D2D272825}.Debug|Any CPU.ActiveCfg = Debug|Any CPU
		{21B927A6-96CB-4E8C-BE10-298D2D272825}.Debug|Any CPU.Build.0 = Debug|Any CPU
		{21B927A6-96CB-4E8C-BE10-298D2D272825}.Release|Any CPU.ActiveCfg = Release|Any CPU
		{21B927A6-96CB-4E8C-BE10-298D2D272825}.Release|Any CPU.Build.0 = Release|Any CPU
		{B6A58177-FBD3-44DF-862E-3D09E79351DF}.Debug|Any CPU.ActiveCfg = Debug|Any CPU
		{B6A58177-FBD3-44DF-862E-3D09E79351DF}.Debug|Any CPU.Build.0 = Debug|Any CPU
		{B6A58177-FBD3-44DF-862E-3D09E79351DF}.Release|Any CPU.ActiveCfg = Release|Any CPU
		{B6A58177-FBD3-44DF-862E-3D09E79351DF}.Release|Any CPU.Build.0 = Release|Any CPU
		{7623417A-838F-4027-88E0-9460397C80B0}.Debug|Any CPU.ActiveCfg = Debug|Any CPU
		{7623417A-838F-4027-88E0-9460397C80B0}.Debug|Any CPU.Build.0 = Debug|Any CPU
		{7623417A-838F-4027-88E0-9460397C80B0}.Release|Any CPU.ActiveCfg = Release|Any CPU
		{7623417A-838F-4027-88E0-9460397C80B0}.Release|Any CPU.Build.0 = Release|Any CPU
	EndGlobalSection
EndGlobal
